{
  "object": {
    "pins": [
      {
        "package": "Auth",
        "repositoryURL": "https://github.com/vapor/auth.git",
        "state": {
          "branch": null,
          "revision": "90868627c7587ea207c0b6d4054265e68f6a33ef",
          "version": "2.0.1"
        }
      },
      {
        "package": "Cryptor",
        "repositoryURL": "https://github.com/IBM-Swift/BlueCryptor.git",
        "state": {
          "branch": null,
          "revision": "25186dc1a53f3eb6d900853f659dff8b9af523aa",
          "version": "1.0.23"
        }
      },
      {
        "package": "Socket",
        "repositoryURL": "https://github.com/IBM-Swift/BlueSocket.git",
        "state": {
          "branch": null,
          "revision": "a40b405bdf32bc853307dd5dee8d00636e394013",
          "version": "1.0.44"
        }
      },
      {
        "package": "SSLService",
        "repositoryURL": "https://github.com/IBM-Swift/BlueSSLService.git",
        "state": {
          "branch": null,
          "revision": "6910763b0dfa6f95a75217215d8cdce3ee11a6ae",
          "version": "1.0.44"
        }
      },
      {
        "package": "Configuration",
        "repositoryURL": "https://github.com/IBM-Swift/Configuration.git",
        "state": {
          "branch": null,
          "revision": "4278530545d69b99e7e391e3980c740c9371b457",
          "version": "3.0.2"
        }
      },
      {
        "package": "Console",
        "repositoryURL": "https://github.com/vapor/console.git",
        "state": {
          "branch": null,
          "revision": "d6cf07af59ae63cd95c4b5f98cf1f25627750fd1",
          "version": "3.1.0"
        }
      },
      {
        "package": "Core",
        "repositoryURL": "https://github.com/vapor/core.git",
        "state": {
          "branch": null,
          "revision": "96ce86ebf9198328795c4b9cb711489460be083c",
          "version": "3.4.4"
        }
      },
      {
        "package": "Crypto",
        "repositoryURL": "https://github.com/vapor/crypto.git",
        "state": {
          "branch": null,
          "revision": "5605334590affd4785a5839806b4504407e054ac",
          "version": "3.3.0"
        }
      },
      {
        "package": "DatabaseKit",
        "repositoryURL": "https://github.com/vapor/database-kit.git",
        "state": {
          "branch": null,
          "revision": "3a17dbbe9be5f8c37703e4b7982c1332ad6b00c4",
          "version": "1.3.1"
        }
      },
      {
        "package": "FileKit",
        "repositoryURL": "https://github.com/IBM-Swift/FileKit.git",
        "state": {
          "branch": null,
          "revision": "319016dbf4b3ce04589265c23c9cac0016fe8096",
          "version": "0.0.1"
        }
      },
      {
        "package": "Fluent",
        "repositoryURL": "https://github.com/vapor/fluent.git",
        "state": {
          "branch": null,
          "revision": "00b81a9362549facb8e2ac93b17d2a78599fce3b",
          "version": "3.1.2"
        }
      },
      {
        "package": "FluentPostgreSQL",
        "repositoryURL": "https://github.com/vapor/fluent-postgresql.git",
        "state": {
          "branch": null,
          "revision": "8e3eb9d24d54ac58c8d04c194ad6b24f0b1b667e",
          "version": "1.0.0"
        }
      },
      {
        "package": "FluentSQLite",
        "repositoryURL": "https://github.com/vapor/fluent-sqlite.git",
        "state": {
          "branch": null,
          "revision": "c32f5bda84bf4ea691d19afe183d40044f579e11",
          "version": "3.0.0"
        }
      },
      {
        "package": "HTTP",
        "repositoryURL": "https://github.com/vapor/http.git",
        "state": {
          "branch": null,
          "revision": "6973bf50dab8dd00e4daf8cb82ca72b33f5db016",
          "version": "3.1.6"
        }
      },
      {
        "package": "Jobs",
        "repositoryURL": "https://github.com/vapor-community/jobs.git",
        "state": {
          "branch": null,
          "revision": "255e20421e83524ceec57edd1882f130ba6dc82c",
          "version": "0.2.1"
        }
      },
      {
        "package": "JobsRedisDriver",
        "repositoryURL": "https://github.com/vapor-community/jobs-redis-driver.git",
        "state": {
          "branch": null,
          "revision": "607d74ad082aedbe29bdc594ff97460371b5cbe6",
          "version": "0.2.0"
        }
      },
      {
        "package": "Kitura",
        "repositoryURL": "https://github.com/IBM-Swift/Kitura.git",
        "state": {
          "branch": null,
          "revision": "be8075725e77a1d6ff3ed22bb607030fff58cb7f",
          "version": "2.6.1"
        }
      },
      {
        "package": "Kitura-net",
        "repositoryURL": "https://github.com/IBM-Swift/Kitura-net.git",
        "state": {
          "branch": null,
          "revision": "9806d353eb31b3a37e6b92cd05482ae81483b47c",
          "version": "2.1.6"
        }
      },
      {
        "package": "Kitura-TemplateEngine",
        "repositoryURL": "https://github.com/IBM-Swift/Kitura-TemplateEngine.git",
        "state": {
          "branch": null,
          "revision": "b030d2d176719acc6a902c40db1b87dc6a83e2fc",
          "version": "2.0.0"
        }
      },
      {
        "package": "Kitura-WebSocket",
        "repositoryURL": "https://github.com/IBM-Swift/Kitura-WebSocket.git",
        "state": {
          "branch": null,
          "revision": "1c6d026a2775285d6bb7a27217683c8451221190",
          "version": "2.1.1"
        }
      },
      {
        "package": "KituraContracts",
        "repositoryURL": "https://github.com/IBM-Swift/KituraContracts.git",
        "state": {
          "branch": null,
          "revision": "acfad5b37e70590261c1181b1ad29758d20bf167",
          "version": "1.1.1"
        }
      },
      {
        "package": "LoggerAPI",
        "repositoryURL": "https://github.com/IBM-Swift/LoggerAPI.git",
        "state": {
          "branch": null,
          "revision": "d0ccb4158b83f8692531892a9c894bb757593c6f",
          "version": "1.8.0"
        }
      },
      {
        "package": "Multipart",
        "repositoryURL": "https://github.com/vapor/multipart.git",
        "state": {
          "branch": null,
          "revision": "e57007c23a52b68e44ebdfc70cbe882a7c4f1ec3",
          "version": "3.0.2"
        }
      },
      {
        "package": "omr-agentcore",
        "repositoryURL": "https://github.com/RuntimeTools/omr-agentcore",
        "state": {
          "branch": null,
          "revision": "5a2361ba1f005596a2bfa28de76ed4acf1e71c33",
          "version": "3.2.4-swift4"
        }
      },
      {
        "package": "Pagination",
        "repositoryURL": "https://github.com/vapor-community/pagination.git",
        "state": {
          "branch": null,
          "revision": "0cd6a77687030fd28319bda1945004994c09d430",
          "version": "1.0.9"
        }
      },
      {
        "package": "PostgreSQL",
        "repositoryURL": "https://github.com/vapor/postgresql.git",
        "state": {
          "branch": null,
          "revision": "975cc8b3471966a7986e1ffac4db4bac26d6db86",
          "version": "1.1.2"
        }
      },
      {
        "package": "Redis",
        "repositoryURL": "https://github.com/vapor/redis.git",
        "state": {
          "branch": null,
          "revision": "2fb20632db3ad86e2b3596cd34605f694a92c177",
          "version": "3.0.2"
        }
      },
      {
        "package": "Routing",
        "repositoryURL": "https://github.com/vapor/routing.git",
        "state": {
          "branch": null,
          "revision": "3219e328491b0853b8554c5a694add344d2c6cfb",
          "version": "3.0.1"
        }
      },
      {
        "package": "Service",
        "repositoryURL": "https://github.com/vapor/service.git",
        "state": {
          "branch": null,
          "revision": "281a70b69783891900be31a9e70051b6fe19e146",
          "version": "1.0.0"
        }
      },
      {
        "package": "SQL",
        "repositoryURL": "https://github.com/vapor/sql.git",
        "state": {
          "branch": null,
          "revision": "f77bcae7c95150cdab62095e7bf321ed8c7551bd",
          "version": "2.3.0"
        }
      },
      {
        "package": "SQLite",
        "repositoryURL": "https://github.com/vapor/sqlite.git",
        "state": {
          "branch": null,
          "revision": "ad2e9bc9f0ed00ef2c6a05f89c1cec605467c90f",
          "version": "3.1.0"
        }
      },
      {
        "package": "CloudFoundryEnv",
        "repositoryURL": "https://github.com/IBM-Swift/Swift-cfenv.git",
        "state": {
          "branch": null,
          "revision": "ec441a9af1b2995dcc697db75686ae76a034b33f",
          "version": "6.0.2"
        }
      },
      {
        "package": "swift-nio",
        "repositoryURL": "https://github.com/apple/swift-nio.git",
        "state": {
          "branch": null,
          "revision": "a20e129c22ad00a51c902dca54a5456f90664780",
          "version": "1.12.0"
        }
      },
      {
        "package": "swift-nio-ssl",
        "repositoryURL": "https://github.com/apple/swift-nio-ssl.git",
        "state": {
          "branch": null,
          "revision": "db16c3a90b101bb53b26a58867a344ad428072e0",
          "version": "1.3.2"
        }
      },
      {
        "package": "swift-nio-ssl-support",
        "repositoryURL": "https://github.com/apple/swift-nio-ssl-support.git",
        "state": {
          "branch": null,
          "revision": "c02eec4e0e6d351cd092938cf44195a8e669f555",
          "version": "1.0.0"
        }
      },
      {
        "package": "swift-nio-zlib-support",
        "repositoryURL": "https://github.com/apple/swift-nio-zlib-support.git",
        "state": {
          "branch": null,
          "revision": "37760e9a52030bb9011972c5213c3350fa9d41fd",
          "version": "1.0.0"
        }
      },
      {
        "package": "SwiftSMTP",
        "repositoryURL": "https://github.com/IBM-Swift/Swift-SMTP",
        "state": {
          "branch": null,
          "revision": "496f779a073991609cf3745214e49449d9b5db24",
          "version": "5.1.0"
        }
      },
      {
        "package": "SwiftMetrics",
        "repositoryURL": "https://github.com/RuntimeTools/SwiftMetrics.git",
        "state": {
          "branch": null,
          "revision": "bd5832af20c284093180ba40e4ca5e160d88820c",
          "version": "2.5.0"
        }
      },
      {
        "package": "SwiftPrometheus",
        "repositoryURL": "https://github.com/MrLotU/SwiftPrometheus.git",
        "state": {
          "branch": null,
          "revision": "f71033e88ee49f1754fa2f67bd8a9b9d1ebb4b76",
          "version": "0.1.3"
        }
      },
      {
        "package": "TemplateKit",
        "repositoryURL": "https://github.com/vapor/template-kit.git",
        "state": {
          "branch": null,
          "revision": "aff2d6fc65bfd04579b0201b31a8d6720239c1cf",
          "version": "1.1.1"
        }
      },
      {
        "package": "TypeDecoder",
        "repositoryURL": "https://github.com/IBM-Swift/TypeDecoder.git",
        "state": {
          "branch": null,
          "revision": "2fd9b413df610a526ae5291aaf860cbb8b1856b5",
          "version": "1.3.0"
        }
      },
      {
        "package": "URLEncodedForm",
        "repositoryURL": "https://github.com/vapor/url-encoded-form.git",
        "state": {
          "branch": null,
          "revision": "932024f363ee5ff59059cf7d67194a1c271d3d0c",
          "version": "1.0.5"
        }
      },
      {
        "package": "Validation",
        "repositoryURL": "https://github.com/vapor/validation.git",
        "state": {
          "branch": null,
          "revision": "4de213cf319b694e4ce19e5339592601d4dd3ff6",
          "version": "2.1.1"
        }
      },
      {
        "package": "Vapor",
        "repositoryURL": "https://github.com/vapor/vapor.git",
        "state": {
          "branch": null,
          "revision": "54cbf396147aba77ecb32e7fc75a3d13251551b1",
          "version": "3.1.1"
        }
      },
      {
        "package": "VaporMonitoring",
        "repositoryURL": "https://github.com/vapor-community/VaporMonitoring.git",
        "state": {
          "branch": null,
          "revision": "81b7f967f0215ca33d0f7577321cb835862214be",
          "version": "2.1.0"
        }
      },
      {
        "package": "WebSocket",
        "repositoryURL": "https://github.com/vapor/websocket.git",
        "state": {
          "branch": null,
          "revision": "eb4277f75f1d96a3d15c852cdd89af1799093dcd",
          "version": "1.1.0"
        }
      }
    ]
  },
  "version": 1
}
